
Microsoft Visual Studio Solution File, Format Version 12.00
# Visual Studio Version 17
VisualStudioVersion = 17.4.33213.308
MinimumVisualStudioVersion = 10.0.40219.1
Project("{FAE04EC0-301F-11D3-BF4B-00C04F79EFBC}") = "Lab10", "Lab10\Lab10.csproj", "{AED9B707-3CE5-48DC-BD0F-2E651665A738}"
EndProject
Global
	GlobalSection(SolutionConfigurationPlatforms) = preSolution
		Debug|Any CPU = Debug|Any CPU
		Release|Any CPU = Release|Any CPU
	EndGlobalSection
	GlobalSection(ProjectConfigurationPlatforms) = postSolution
		{AED9B707-3CE5-48DC-BD0F-2E651665A738}.Debug|Any CPU.ActiveCfg = Debug|Any CPU
		{AED9B707-3CE5-48DC-BD0F-2E651665A738}.Debug|Any CPU.Build.0 = Debug|Any CPU
		{AED9B707-3CE5-48DC-BD0F-2E651665A738}.Release|Any CPU.ActiveCfg = Release|Any CPU
		{AED9B707-3CE5-48DC-BD0F-2E651665A738}.Release|Any CPU.Build.0 = Release|Any CPU
	EndGlobalSection
	GlobalSection(SolutionProperties) = preSolution
		HideSolutionNode = FALSE
	EndGlobalSection
	GlobalSection(ExtensibilityGlobals) = postSolution
		SolutionGuid = {977C06CF-67E7-4A1A-A6DD-3873EE9E72CC}
	EndGlobalSection
EndGlobal
